
Microsoft Visual Studio Solution File, Format Version 12.00
# Visual Studio 2012
Project("{2150E333-8FDC-42A3-9474-1A3956D46DE8}") = "Client", "Client", "{D23D0129-4A3F-445E-8E34-486BA3F1EB49}"
EndProject
Project("{2150E333-8FDC-42A3-9474-1A3956D46DE8}") = "Server", "Server", "{C374FCAA-990B-4595-990B-35756DC3D81B}"
EndProject
Project("{2150E333-8FDC-42A3-9474-1A3956D46DE8}") = "Libraries", "Libraries", "{273CBE86-F5C9-46D5-A833-8126E4E5646A}"
EndProject
Project("{FAE04EC0-301F-11D3-BF4B-00C04F79EFBC}") = "Security Library", "src\Libraries\MentalisSecurityLibrary\Security Library.csproj", "{5BFA5A70-D384-4417-AFCC-5C744485A85F}"
EndProject
Project("{2150E333-8FDC-42A3-9474-1A3956D46DE8}") = "Tests", "Tests", "{72EF18F4-AE3D-4EED-A265-DCC8E08FE7A2}"
EndProject
Project("{FAE04EC0-301F-11D3-BF4B-00C04F79EFBC}") = "Microsoft.Http2.Owin.Server", "src\Microsoft.Http2.Owin.Server\Microsoft.Http2.Owin.Server.csproj", "{658C0A0D-A624-4532-AFF0-180EC5ED7887}"
EndProject
Project("{FAE04EC0-301F-11D3-BF4B-00C04F79EFBC}") = "Microsoft.Http2.Owin.Middleware", "src\Microsoft.Http2.Owin.Middleware\Microsoft.Http2.Owin.Middleware.csproj", "{AE3E0DF3-1E7E-4D8D-9780-78D3D1CE436F}"
EndProject
Project("{FAE04EC0-301F-11D3-BF4B-00C04F79EFBC}") = "Microsoft.Http2.Protocol", "src\Libraries\Microsoft.Http2.Protocol\Microsoft.Http2.Protocol.csproj", "{E34AC310-324C-46BC-AF9F-1A41DF58E867}"
EndProject
Project("{2150E333-8FDC-42A3-9474-1A3956D46DE8}") = "Samples", "Samples", "{CD82C914-3D0C-4CA1-AC57-072D5E69D964}"
EndProject
Project("{FAE04EC0-301F-11D3-BF4B-00C04F79EFBC}") = "Http2.Owin.StaticFiles.Sample", "samples\Http2.Owin.StaticFiles.Sample\Http2.Owin.StaticFiles.Sample.csproj", "{4E457454-CCD5-4E54-B9C1-C6600BCEC5C8}"
EndProject
Project("{FAE04EC0-301F-11D3-BF4B-00C04F79EFBC}") = "Http2.Owin.WebApi.Sample", "samples\Http2.Owin.WebApi.Sample\Http2.Owin.WebApi.Sample.csproj", "{4AA8FA86-FFC9-4D4E-A94D-21AE24830010}"
EndProject
Project("{2150E333-8FDC-42A3-9474-1A3956D46DE8}") = ".nuget", ".nuget", "{01850235-58A2-4582-8F3C-9914C30E2DCF}"
	ProjectSection(SolutionItems) = preProject
		.nuget\NuGet.Config = .nuget\NuGet.Config
		.nuget\NuGet.exe = .nuget\NuGet.exe
		.nuget\NuGet.targets = .nuget\NuGet.targets
	EndProjectSection
EndProject
Project("{FAE04EC0-301F-11D3-BF4B-00C04F79EFBC}") = "Client", "Client\Client\Client\Client.csproj", "{139D5EE0-BFFF-4830-8517-1EEF4E05755F}"
EndProject
Project("{FAE04EC0-301F-11D3-BF4B-00C04F79EFBC}") = "ProtocolAdapters", "src\ProtocolAdapters\ProtocolAdapters.csproj", "{855EBB2F-B7C0-4525-9DD6-A3B66DE268D1}"
EndProject
Project("{FAE04EC0-301F-11D3-BF4B-00C04F79EFBC}") = "Http2ServerService", "runners\Http2ServerService\Http2ServerService.csproj", "{19FB1EAA-0323-4366-B5DC-7632972FF2AE}"
EndProject
Global
	GlobalSection(TestCaseManagementSettings) = postSolution
		CategoryFile = SMDemoAll.vsmdi
	EndGlobalSection
	GlobalSection(SolutionConfigurationPlatforms) = preSolution
		Debug|Any CPU = Debug|Any CPU
		Debug|Mixed Platforms = Debug|Mixed Platforms
		Debug|x64 = Debug|x64
		Debug|x86 = Debug|x86
		Release|Any CPU = Release|Any CPU
		Release|Mixed Platforms = Release|Mixed Platforms
		Release|x64 = Release|x64
		Release|x86 = Release|x86
	EndGlobalSection
	GlobalSection(ProjectConfigurationPlatforms) = postSolution
		{5BFA5A70-D384-4417-AFCC-5C744485A85F}.Debug|Any CPU.ActiveCfg = Debug|Any CPU
		{5BFA5A70-D384-4417-AFCC-5C744485A85F}.Debug|Any CPU.Build.0 = Debug|Any CPU
		{5BFA5A70-D384-4417-AFCC-5C744485A85F}.Debug|Mixed Platforms.ActiveCfg = Debug|Any CPU
		{5BFA5A70-D384-4417-AFCC-5C744485A85F}.Debug|Mixed Platforms.Build.0 = Debug|Any CPU
		{5BFA5A70-D384-4417-AFCC-5C744485A85F}.Debug|x64.ActiveCfg = Debug|Any CPU
		{5BFA5A70-D384-4417-AFCC-5C744485A85F}.Debug|x86.ActiveCfg = Debug|Any CPU
		{5BFA5A70-D384-4417-AFCC-5C744485A85F}.Release|Any CPU.ActiveCfg = Release|Any CPU
		{5BFA5A70-D384-4417-AFCC-5C744485A85F}.Release|Any CPU.Build.0 = Release|Any CPU
		{5BFA5A70-D384-4417-AFCC-5C744485A85F}.Release|Mixed Platforms.ActiveCfg = Release|Any CPU
		{5BFA5A70-D384-4417-AFCC-5C744485A85F}.Release|Mixed Platforms.Build.0 = Release|Any CPU
		{5BFA5A70-D384-4417-AFCC-5C744485A85F}.Release|x64.ActiveCfg = Release|Any CPU
		{5BFA5A70-D384-4417-AFCC-5C744485A85F}.Release|x86.ActiveCfg = Release|Any CPU
		{658C0A0D-A624-4532-AFF0-180EC5ED7887}.Debug|Any CPU.ActiveCfg = Debug|Any CPU
		{658C0A0D-A624-4532-AFF0-180EC5ED7887}.Debug|Any CPU.Build.0 = Debug|Any CPU
		{658C0A0D-A624-4532-AFF0-180EC5ED7887}.Debug|Mixed Platforms.ActiveCfg = Debug|Any CPU
		{658C0A0D-A624-4532-AFF0-180EC5ED7887}.Debug|Mixed Platforms.Build.0 = Debug|Any CPU
		{658C0A0D-A624-4532-AFF0-180EC5ED7887}.Debug|x64.ActiveCfg = Debug|Any CPU
		{658C0A0D-A624-4532-AFF0-180EC5ED7887}.Debug|x86.ActiveCfg = Debug|Any CPU
		{658C0A0D-A624-4532-AFF0-180EC5ED7887}.Release|Any CPU.ActiveCfg = Release|Any CPU
		{658C0A0D-A624-4532-AFF0-180EC5ED7887}.Release|Any CPU.Build.0 = Release|Any CPU
		{658C0A0D-A624-4532-AFF0-180EC5ED7887}.Release|Mixed Platforms.ActiveCfg = Release|Any CPU
		{658C0A0D-A624-4532-AFF0-180EC5ED7887}.Release|Mixed Platforms.Build.0 = Release|Any CPU
		{658C0A0D-A624-4532-AFF0-180EC5ED7887}.Release|x64.ActiveCfg = Release|Any CPU
		{658C0A0D-A624-4532-AFF0-180EC5ED7887}.Release|x86.ActiveCfg = Release|Any CPU
		{AE3E0DF3-1E7E-4D8D-9780-78D3D1CE436F}.Debug|Any CPU.ActiveCfg = Debug|Any CPU
		{AE3E0DF3-1E7E-4D8D-9780-78D3D1CE436F}.Debug|Any CPU.Build.0 = Debug|Any CPU
		{AE3E0DF3-1E7E-4D8D-9780-78D3D1CE436F}.Debug|Mixed Platforms.ActiveCfg = Debug|Any CPU
		{AE3E0DF3-1E7E-4D8D-9780-78D3D1CE436F}.Debug|Mixed Platforms.Build.0 = Debug|Any CPU
		{AE3E0DF3-1E7E-4D8D-9780-78D3D1CE436F}.Debug|x64.ActiveCfg = Debug|Any CPU
		{AE3E0DF3-1E7E-4D8D-9780-78D3D1CE436F}.Debug|x86.ActiveCfg = Debug|Any CPU
		{AE3E0DF3-1E7E-4D8D-9780-78D3D1CE436F}.Release|Any CPU.ActiveCfg = Release|Any CPU
		{AE3E0DF3-1E7E-4D8D-9780-78D3D1CE436F}.Release|Any CPU.Build.0 = Release|Any CPU
		{AE3E0DF3-1E7E-4D8D-9780-78D3D1CE436F}.Release|Mixed Platforms.ActiveCfg = Release|Any CPU
		{AE3E0DF3-1E7E-4D8D-9780-78D3D1CE436F}.Release|Mixed Platforms.Build.0 = Release|Any CPU
		{AE3E0DF3-1E7E-4D8D-9780-78D3D1CE436F}.Release|x64.ActiveCfg = Release|Any CPU
		{AE3E0DF3-1E7E-4D8D-9780-78D3D1CE436F}.Release|x86.ActiveCfg = Release|Any CPU
		{E34AC310-324C-46BC-AF9F-1A41DF58E867}.Debug|Any CPU.ActiveCfg = Debug|Any CPU
		{E34AC310-324C-46BC-AF9F-1A41DF58E867}.Debug|Any CPU.Build.0 = Debug|Any CPU
		{E34AC310-324C-46BC-AF9F-1A41DF58E867}.Debug|Mixed Platforms.ActiveCfg = Debug|Any CPU
		{E34AC310-324C-46BC-AF9F-1A41DF58E867}.Debug|Mixed Platforms.Build.0 = Debug|Any CPU
		{E34AC310-324C-46BC-AF9F-1A41DF58E867}.Debug|x64.ActiveCfg = Debug|Any CPU
		{E34AC310-324C-46BC-AF9F-1A41DF58E867}.Debug|x86.ActiveCfg = Debug|Any CPU
		{E34AC310-324C-46BC-AF9F-1A41DF58E867}.Release|Any CPU.ActiveCfg = Release|Any CPU
		{E34AC310-324C-46BC-AF9F-1A41DF58E867}.Release|Any CPU.Build.0 = Release|Any CPU
		{E34AC310-324C-46BC-AF9F-1A41DF58E867}.Release|Mixed Platforms.ActiveCfg = Release|Any CPU
		{E34AC310-324C-46BC-AF9F-1A41DF58E867}.Release|Mixed Platforms.Build.0 = Release|Any CPU
		{E34AC310-324C-46BC-AF9F-1A41DF58E867}.Release|x64.ActiveCfg = Release|Any CPU
		{E34AC310-324C-46BC-AF9F-1A41DF58E867}.Release|x86.ActiveCfg = Release|Any CPU
		{4E457454-CCD5-4E54-B9C1-C6600BCEC5C8}.Debug|Any CPU.ActiveCfg = Debug|Any CPU
		{4E457454-CCD5-4E54-B9C1-C6600BCEC5C8}.Debug|Any CPU.Build.0 = Debug|Any CPU
		{4E457454-CCD5-4E54-B9C1-C6600BCEC5C8}.Debug|Mixed Platforms.ActiveCfg = Debug|Any CPU
		{4E457454-CCD5-4E54-B9C1-C6600BCEC5C8}.Debug|Mixed Platforms.Build.0 = Debug|Any CPU
		{4E457454-CCD5-4E54-B9C1-C6600BCEC5C8}.Debug|x64.ActiveCfg = Debug|Any CPU
		{4E457454-CCD5-4E54-B9C1-C6600BCEC5C8}.Debug|x86.ActiveCfg = Debug|Any CPU
		{4E457454-CCD5-4E54-B9C1-C6600BCEC5C8}.Release|Any CPU.ActiveCfg = Release|Any CPU
		{4E457454-CCD5-4E54-B9C1-C6600BCEC5C8}.Release|Any CPU.Build.0 = Release|Any CPU
		{4E457454-CCD5-4E54-B9C1-C6600BCEC5C8}.Release|Mixed Platforms.ActiveCfg = Release|Any CPU
		{4E457454-CCD5-4E54-B9C1-C6600BCEC5C8}.Release|Mixed Platforms.Build.0 = Release|Any CPU
		{4E457454-CCD5-4E54-B9C1-C6600BCEC5C8}.Release|x64.ActiveCfg = Release|Any CPU
		{4E457454-CCD5-4E54-B9C1-C6600BCEC5C8}.Release|x86.ActiveCfg = Release|Any CPU
		{4AA8FA86-FFC9-4D4E-A94D-21AE24830010}.Debug|Any CPU.ActiveCfg = Debug|Any CPU
		{4AA8FA86-FFC9-4D4E-A94D-21AE24830010}.Debug|Any CPU.Build.0 = Debug|Any CPU
		{4AA8FA86-FFC9-4D4E-A94D-21AE24830010}.Debug|Mixed Platforms.ActiveCfg = Debug|Any CPU
		{4AA8FA86-FFC9-4D4E-A94D-21AE24830010}.Debug|Mixed Platforms.Build.0 = Debug|Any CPU
		{4AA8FA86-FFC9-4D4E-A94D-21AE24830010}.Debug|x64.ActiveCfg = Debug|Any CPU
		{4AA8FA86-FFC9-4D4E-A94D-21AE24830010}.Debug|x86.ActiveCfg = Debug|Any CPU
		{4AA8FA86-FFC9-4D4E-A94D-21AE24830010}.Release|Any CPU.ActiveCfg = Release|Any CPU
		{4AA8FA86-FFC9-4D4E-A94D-21AE24830010}.Release|Any CPU.Build.0 = Release|Any CPU
		{4AA8FA86-FFC9-4D4E-A94D-21AE24830010}.Release|Mixed Platforms.ActiveCfg = Release|Any CPU
		{4AA8FA86-FFC9-4D4E-A94D-21AE24830010}.Release|Mixed Platforms.Build.0 = Release|Any CPU
		{4AA8FA86-FFC9-4D4E-A94D-21AE24830010}.Release|x64.ActiveCfg = Release|Any CPU
		{4AA8FA86-FFC9-4D4E-A94D-21AE24830010}.Release|x86.ActiveCfg = Release|Any CPU
		{139D5EE0-BFFF-4830-8517-1EEF4E05755F}.Debug|Any CPU.ActiveCfg = Debug|x86
		{139D5EE0-BFFF-4830-8517-1EEF4E05755F}.Debug|Mixed Platforms.ActiveCfg = Debug|x86
		{139D5EE0-BFFF-4830-8517-1EEF4E05755F}.Debug|Mixed Platforms.Build.0 = Debug|x86
		{139D5EE0-BFFF-4830-8517-1EEF4E05755F}.Debug|x64.ActiveCfg = Debug|x86
		{139D5EE0-BFFF-4830-8517-1EEF4E05755F}.Debug|x86.ActiveCfg = Debug|x86
		{139D5EE0-BFFF-4830-8517-1EEF4E05755F}.Debug|x86.Build.0 = Debug|x86
		{139D5EE0-BFFF-4830-8517-1EEF4E05755F}.Release|Any CPU.ActiveCfg = Release|x86
		{139D5EE0-BFFF-4830-8517-1EEF4E05755F}.Release|Mixed Platforms.ActiveCfg = Release|x86
		{139D5EE0-BFFF-4830-8517-1EEF4E05755F}.Release|Mixed Platforms.Build.0 = Release|x86
		{139D5EE0-BFFF-4830-8517-1EEF4E05755F}.Release|x64.ActiveCfg = Release|x86
		{139D5EE0-BFFF-4830-8517-1EEF4E05755F}.Release|x86.ActiveCfg = Release|x86
		{139D5EE0-BFFF-4830-8517-1EEF4E05755F}.Release|x86.Build.0 = Release|x86
		{855EBB2F-B7C0-4525-9DD6-A3B66DE268D1}.Debug|Any CPU.ActiveCfg = Debug|Any CPU
		{855EBB2F-B7C0-4525-9DD6-A3B66DE268D1}.Debug|Any CPU.Build.0 = Debug|Any CPU
		{855EBB2F-B7C0-4525-9DD6-A3B66DE268D1}.Debug|Mixed Platforms.ActiveCfg = Debug|Any CPU
		{855EBB2F-B7C0-4525-9DD6-A3B66DE268D1}.Debug|Mixed Platforms.Build.0 = Debug|Any CPU
		{855EBB2F-B7C0-4525-9DD6-A3B66DE268D1}.Debug|x64.ActiveCfg = Debug|Any CPU
		{855EBB2F-B7C0-4525-9DD6-A3B66DE268D1}.Debug|x86.ActiveCfg = Debug|Any CPU
		{855EBB2F-B7C0-4525-9DD6-A3B66DE268D1}.Release|Any CPU.ActiveCfg = Release|Any CPU
		{855EBB2F-B7C0-4525-9DD6-A3B66DE268D1}.Release|Any CPU.Build.0 = Release|Any CPU
		{855EBB2F-B7C0-4525-9DD6-A3B66DE268D1}.Release|Mixed Platforms.ActiveCfg = Release|Any CPU
		{855EBB2F-B7C0-4525-9DD6-A3B66DE268D1}.Release|Mixed Platforms.Build.0 = Release|Any CPU
		{855EBB2F-B7C0-4525-9DD6-A3B66DE268D1}.Release|x64.ActiveCfg = Release|Any CPU
		{855EBB2F-B7C0-4525-9DD6-A3B66DE268D1}.Release|x86.ActiveCfg = Release|Any CPU
		{19FB1EAA-0323-4366-B5DC-7632972FF2AE}.Debug|Any CPU.ActiveCfg = Debug|Any CPU
		{19FB1EAA-0323-4366-B5DC-7632972FF2AE}.Debug|Any CPU.Build.0 = Debug|Any CPU
		{19FB1EAA-0323-4366-B5DC-7632972FF2AE}.Debug|Mixed Platforms.ActiveCfg = Debug|Any CPU
		{19FB1EAA-0323-4366-B5DC-7632972FF2AE}.Debug|Mixed Platforms.Build.0 = Debug|Any CPU
		{19FB1EAA-0323-4366-B5DC-7632972FF2AE}.Debug|x64.ActiveCfg = Debug|Any CPU
		{19FB1EAA-0323-4366-B5DC-7632972FF2AE}.Debug|x86.ActiveCfg = Debug|Any CPU
		{19FB1EAA-0323-4366-B5DC-7632972FF2AE}.Release|Any CPU.ActiveCfg = Release|Any CPU
		{19FB1EAA-0323-4366-B5DC-7632972FF2AE}.Release|Any CPU.Build.0 = Release|Any CPU
		{19FB1EAA-0323-4366-B5DC-7632972FF2AE}.Release|Mixed Platforms.ActiveCfg = Release|Any CPU
		{19FB1EAA-0323-4366-B5DC-7632972FF2AE}.Release|Mixed Platforms.Build.0 = Release|Any CPU
		{19FB1EAA-0323-4366-B5DC-7632972FF2AE}.Release|x64.ActiveCfg = Release|Any CPU
		{19FB1EAA-0323-4366-B5DC-7632972FF2AE}.Release|x86.ActiveCfg = Release|Any CPU
	EndGlobalSection
	GlobalSection(SolutionProperties) = preSolution
		HideSolutionNode = FALSE
	EndGlobalSection
	GlobalSection(NestedProjects) = preSolution
		{139D5EE0-BFFF-4830-8517-1EEF4E05755F} = {D23D0129-4A3F-445E-8E34-486BA3F1EB49}
		{658C0A0D-A624-4532-AFF0-180EC5ED7887} = {C374FCAA-990B-4595-990B-35756DC3D81B}
		{AE3E0DF3-1E7E-4D8D-9780-78D3D1CE436F} = {C374FCAA-990B-4595-990B-35756DC3D81B}
		{19FB1EAA-0323-4366-B5DC-7632972FF2AE} = {C374FCAA-990B-4595-990B-35756DC3D81B}
		{5BFA5A70-D384-4417-AFCC-5C744485A85F} = {273CBE86-F5C9-46D5-A833-8126E4E5646A}
		{E34AC310-324C-46BC-AF9F-1A41DF58E867} = {273CBE86-F5C9-46D5-A833-8126E4E5646A}
		{855EBB2F-B7C0-4525-9DD6-A3B66DE268D1} = {273CBE86-F5C9-46D5-A833-8126E4E5646A}
		{4E457454-CCD5-4E54-B9C1-C6600BCEC5C8} = {CD82C914-3D0C-4CA1-AC57-072D5E69D964}
		{4AA8FA86-FFC9-4D4E-A94D-21AE24830010} = {CD82C914-3D0C-4CA1-AC57-072D5E69D964}
	EndGlobalSection
EndGlobal
